
Microsoft Visual Studio Solution File, Format Version 12.00
# Visual Studio 15
VisualStudioVersion = 15.0.26124.0
MinimumVisualStudioVersion = 15.0.26124.0
Project("{2150E333-8FDC-42A3-9474-1A3956D46DE8}") = "src", "src", "{6CB4B2ED-356E-48C4-B041-86CF4EFB8ECF}"
EndProject
Project("{2150E333-8FDC-42A3-9474-1A3956D46DE8}") = "Catalog", "Catalog", "{B746C8EF-3034-4475-9D3B-27AD997A0397}"
EndProject
Project("{FAE04EC0-301F-11D3-BF4B-00C04F79EFBC}") = "Catalog.API", "src\Catalog\Catalog.API\Catalog.API.csproj", "{08A1E344-1C2E-4090-B79F-B10A39EDB395}"
EndProject
Global
	GlobalSection(SolutionConfigurationPlatforms) = preSolution
		Debug|Any CPU = Debug|Any CPU
		Debug|x64 = Debug|x64
		Debug|x86 = Debug|x86
		Release|Any CPU = Release|Any CPU
		Release|x64 = Release|x64
		Release|x86 = Release|x86
	EndGlobalSection
	GlobalSection(SolutionProperties) = preSolution
		HideSolutionNode = FALSE
	EndGlobalSection
	GlobalSection(ProjectConfigurationPlatforms) = postSolution
		{08A1E344-1C2E-4090-B79F-B10A39EDB395}.Debug|Any CPU.ActiveCfg = Debug|Any CPU
		{08A1E344-1C2E-4090-B79F-B10A39EDB395}.Debug|Any CPU.Build.0 = Debug|Any CPU
		{08A1E344-1C2E-4090-B79F-B10A39EDB395}.Debug|x64.ActiveCfg = Debug|Any CPU
		{08A1E344-1C2E-4090-B79F-B10A39EDB395}.Debug|x64.Build.0 = Debug|Any CPU
		{08A1E344-1C2E-4090-B79F-B10A39EDB395}.Debug|x86.ActiveCfg = Debug|Any CPU
		{08A1E344-1C2E-4090-B79F-B10A39EDB395}.Debug|x86.Build.0 = Debug|Any CPU
		{08A1E344-1C2E-4090-B79F-B10A39EDB395}.Release|Any CPU.ActiveCfg = Release|Any CPU
		{08A1E344-1C2E-4090-B79F-B10A39EDB395}.Release|Any CPU.Build.0 = Release|Any CPU
		{08A1E344-1C2E-4090-B79F-B10A39EDB395}.Release|x64.ActiveCfg = Release|Any CPU
		{08A1E344-1C2E-4090-B79F-B10A39EDB395}.Release|x64.Build.0 = Release|Any CPU
		{08A1E344-1C2E-4090-B79F-B10A39EDB395}.Release|x86.ActiveCfg = Release|Any CPU
		{08A1E344-1C2E-4090-B79F-B10A39EDB395}.Release|x86.Build.0 = Release|Any CPU
	EndGlobalSection
	GlobalSection(NestedProjects) = preSolution
		{B746C8EF-3034-4475-9D3B-27AD997A0397} = {6CB4B2ED-356E-48C4-B041-86CF4EFB8ECF}
		{08A1E344-1C2E-4090-B79F-B10A39EDB395} = {B746C8EF-3034-4475-9D3B-27AD997A0397}
	EndGlobalSection
EndGlobal
